
Microsoft Visual Studio Solution File, Format Version 12.00
# Visual Studio Version 17
VisualStudioVersion = 17.4.33213.308
MinimumVisualStudioVersion = 10.0.40219.1
Project("{9A19103F-16F7-4668-BE54-9A1E7A4F7556}") = "MyTestAppBack", "MyTestAppBack\MyTestAppBack.csproj", "{CC8B7AAC-9329-4EF5-B5CC-E0634D59F6DC}"
EndProject
Project("{9A19103F-16F7-4668-BE54-9A1E7A4F7556}") = "MyTestAppBack.Domain", "MyTestAppBack.Domain\MyTestAppBack.Domain.csproj", "{F3B685D7-8CFB-4BD3-A2D3-2EAADC6AE1EC}"
EndProject
Project("{FAE04EC0-301F-11D3-BF4B-00C04F79EFBC}") = "MyTestAppBack.DataAccess", "MyTestAppBack.DataAccess\MyTestAppBack.DataAccess.csproj", "{63A186E8-AB9E-4C3A-9894-D8E01D69882C}"
EndProject
Global
	GlobalSection(SolutionConfigurationPlatforms) = preSolution
		Debug|Any CPU = Debug|Any CPU
		Release|Any CPU = Release|Any CPU
	EndGlobalSection
	GlobalSection(ProjectConfigurationPlatforms) = postSolution
		{CC8B7AAC-9329-4EF5-B5CC-E0634D59F6DC}.Debug|Any CPU.ActiveCfg = Debug|Any CPU
		{CC8B7AAC-9329-4EF5-B5CC-E0634D59F6DC}.Debug|Any CPU.Build.0 = Debug|Any CPU
		{CC8B7AAC-9329-4EF5-B5CC-E0634D59F6DC}.Release|Any CPU.ActiveCfg = Release|Any CPU
		{CC8B7AAC-9329-4EF5-B5CC-E0634D59F6DC}.Release|Any CPU.Build.0 = Release|Any CPU
		{F3B685D7-8CFB-4BD3-A2D3-2EAADC6AE1EC}.Debug|Any CPU.ActiveCfg = Debug|Any CPU
		{F3B685D7-8CFB-4BD3-A2D3-2EAADC6AE1EC}.Debug|Any CPU.Build.0 = Debug|Any CPU
		{F3B685D7-8CFB-4BD3-A2D3-2EAADC6AE1EC}.Release|Any CPU.ActiveCfg = Release|Any CPU
		{F3B685D7-8CFB-4BD3-A2D3-2EAADC6AE1EC}.Release|Any CPU.Build.0 = Release|Any CPU
		{63A186E8-AB9E-4C3A-9894-D8E01D69882C}.Debug|Any CPU.ActiveCfg = Debug|Any CPU
		{63A186E8-AB9E-4C3A-9894-D8E01D69882C}.Debug|Any CPU.Build.0 = Debug|Any CPU
		{63A186E8-AB9E-4C3A-9894-D8E01D69882C}.Release|Any CPU.ActiveCfg = Release|Any CPU
		{63A186E8-AB9E-4C3A-9894-D8E01D69882C}.Release|Any CPU.Build.0 = Release|Any CPU
	EndGlobalSection
	GlobalSection(SolutionProperties) = preSolution
		HideSolutionNode = FALSE
	EndGlobalSection
	GlobalSection(ExtensibilityGlobals) = postSolution
		SolutionGuid = {7865B611-30FB-48E2-8359-119A83546A40}
	EndGlobalSection
EndGlobal
